
Microsoft Visual Studio Solution File, Format Version 12.00
# Visual Studio Version 17
VisualStudioVersion = 17.5.002.0
MinimumVisualStudioVersion = 10.0.40219.1
Project("{9A19103F-16F7-4668-BE54-9A1E7A4F7556}") = "KompreseObrazu", "KompreseObrazu.csproj", "{C63D4394-9146-4984-BCED-28DF0AC09824}"
EndProject
Global
	GlobalSection(SolutionConfigurationPlatforms) = preSolution
		Debug|Any CPU = Debug|Any CPU
		Release|Any CPU = Release|Any CPU
	EndGlobalSection
	GlobalSection(ProjectConfigurationPlatforms) = postSolution
		{C63D4394-9146-4984-BCED-28DF0AC09824}.Debug|Any CPU.ActiveCfg = Debug|Any CPU
		{C63D4394-9146-4984-BCED-28DF0AC09824}.Debug|Any CPU.Build.0 = Debug|Any CPU
		{C63D4394-9146-4984-BCED-28DF0AC09824}.Release|Any CPU.ActiveCfg = Release|Any CPU
		{C63D4394-9146-4984-BCED-28DF0AC09824}.Release|Any CPU.Build.0 = Release|Any CPU
	EndGlobalSection
	GlobalSection(SolutionProperties) = preSolution
		HideSolutionNode = FALSE
	EndGlobalSection
	GlobalSection(ExtensibilityGlobals) = postSolution
		SolutionGuid = {D472B596-F158-47CE-8A6C-000219B72149}
	EndGlobalSection
EndGlobal
